// !$*UTF8*$!
{
	archiveVersion = 1;
	classes = {
	};
	objectVersion = 56;
	objects = {

/* Begin PBXBuildFile section */
		01CD840A2CB556CC0007963E /* RxBlocking in Frameworks */ = {isa = PBXBuildFile; productRef = 01CD84092CB556CC0007963E /* RxBlocking */; };
		01CD840C2CB556CC0007963E /* RxCocoa in Frameworks */ = {isa = PBXBuildFile; productRef = 01CD840B2CB556CC0007963E /* RxCocoa */; };
		01CD840E2CB556CC0007963E /* RxRelay in Frameworks */ = {isa = PBXBuildFile; productRef = 01CD840D2CB556CC0007963E /* RxRelay */; };
		01CD84102CB556CC0007963E /* RxSwift in Frameworks */ = {isa = PBXBuildFile; productRef = 01CD840F2CB556CC0007963E /* RxSwift */; };
		01CD84132CB557060007963E /* SnapKit in Frameworks */ = {isa = PBXBuildFile; productRef = 01CD84122CB557060007963E /* SnapKit */; };
		01CD841E2CB55AE60007963E /* Colors.xcassets in Resources */ = {isa = PBXBuildFile; fileRef = 01CD841D2CB55AE60007963E /* Colors.xcassets */; };
		01CD84212CB55CBD0007963E /* ProductsView.swift in Sources */ = {isa = PBXBuildFile; fileRef = 01CD84202CB55CBD0007963E /* ProductsView.swift */; };
		01CD84242CB55D4D0007963E /* View+Extensions.swift in Sources */ = {isa = PBXBuildFile; fileRef = 01CD84232CB55D4D0007963E /* View+Extensions.swift */; };
		01CD84262CB55D870007963E /* UIStackView+Extensions.swift in Sources */ = {isa = PBXBuildFile; fileRef = 01CD84252CB55D870007963E /* UIStackView+Extensions.swift */; };
		01CD84292CB55E150007963E /* PrepareForAutoLayout.swift in Sources */ = {isa = PBXBuildFile; fileRef = 01CD84282CB55E150007963E /* PrepareForAutoLayout.swift */; };
		01CD842C2CB5792B0007963E /* NetworkService.swift in Sources */ = {isa = PBXBuildFile; fileRef = 01CD842B2CB5792B0007963E /* NetworkService.swift */; };
		01CD842F2CB58BE50007963E /* ProductCollectionViewCell.swift in Sources */ = {isa = PBXBuildFile; fileRef = 01CD842E2CB58BE50007963E /* ProductCollectionViewCell.swift */; };
		01CD84322CB5995F0007963E /* ProductDTO.swift in Sources */ = {isa = PBXBuildFile; fileRef = 01CD84312CB5995F0007963E /* ProductDTO.swift */; };
		01CD84342CB599960007963E /* FoodNutriantsDTO.swift in Sources */ = {isa = PBXBuildFile; fileRef = 01CD84332CB599960007963E /* FoodNutriantsDTO.swift */; };
		1A4D5AE22CB546CA001E5C34 /* AppDelegate.swift in Sources */ = {isa = PBXBuildFile; fileRef = 1A4D5AE12CB546CA001E5C34 /* AppDelegate.swift */; };
		1A4D5AE42CB546CA001E5C34 /* SceneDelegate.swift in Sources */ = {isa = PBXBuildFile; fileRef = 1A4D5AE32CB546CA001E5C34 /* SceneDelegate.swift */; };
		1A4D5AEB2CB546CB001E5C34 /* Assets.xcassets in Resources */ = {isa = PBXBuildFile; fileRef = 1A4D5AEA2CB546CB001E5C34 /* Assets.xcassets */; };
		1A4D5AF92CB546CB001E5C34 /* TestCaloriesTests.swift in Sources */ = {isa = PBXBuildFile; fileRef = 1A4D5AF82CB546CB001E5C34 /* TestCaloriesTests.swift */; };
		1A4D5B032CB546CB001E5C34 /* TestCaloriesUITests.swift in Sources */ = {isa = PBXBuildFile; fileRef = 1A4D5B022CB546CB001E5C34 /* TestCaloriesUITests.swift */; };
		1A4D5B052CB546CB001E5C34 /* TestCaloriesUITestsLaunchTests.swift in Sources */ = {isa = PBXBuildFile; fileRef = 1A4D5B042CB546CB001E5C34 /* TestCaloriesUITestsLaunchTests.swift */; };
		1A4D5B1F2CB54E99001E5C34 /* ProductService.swift in Sources */ = {isa = PBXBuildFile; fileRef = 1A4D5B1E2CB54E99001E5C34 /* ProductService.swift */; };
		1A4D5B212CB54EA5001E5C34 /* ProductsViewModel.swift in Sources */ = {isa = PBXBuildFile; fileRef = 1A4D5B202CB54EA5001E5C34 /* ProductsViewModel.swift */; };
		1A4D5B232CB54EB8001E5C34 /* ProductsViewController.swift in Sources */ = {isa = PBXBuildFile; fileRef = 1A4D5B222CB54EB8001E5C34 /* ProductsViewController.swift */; };
/* End PBXBuildFile section */

/* Begin PBXContainerItemProxy section */
		1A4D5AF52CB546CB001E5C34 /* PBXContainerItemProxy */ = {
			isa = PBXContainerItemProxy;
			containerPortal = 1A4D5AD62CB546CA001E5C34 /* Project object */;
			proxyType = 1;
			remoteGlobalIDString = 1A4D5ADD2CB546CA001E5C34;
			remoteInfo = TestCalories;
		};
		1A4D5AFF2CB546CB001E5C34 /* PBXContainerItemProxy */ = {
			isa = PBXContainerItemProxy;
			containerPortal = 1A4D5AD62CB546CA001E5C34 /* Project object */;
			proxyType = 1;
			remoteGlobalIDString = 1A4D5ADD2CB546CA001E5C34;
			remoteInfo = TestCalories;
		};
/* End PBXContainerItemProxy section */

/* Begin PBXFileReference section */
		01CD841D2CB55AE60007963E /* Colors.xcassets */ = {isa = PBXFileReference; lastKnownFileType = folder.assetcatalog; path = Colors.xcassets; sourceTree = "<group>"; };
		01CD84202CB55CBD0007963E /* ProductsView.swift */ = {isa = PBXFileReference; lastKnownFileType = sourcecode.swift; path = ProductsView.swift; sourceTree = "<group>"; };
		01CD84232CB55D4D0007963E /* View+Extensions.swift */ = {isa = PBXFileReference; lastKnownFileType = sourcecode.swift; path = "View+Extensions.swift"; sourceTree = "<group>"; };
		01CD84252CB55D870007963E /* UIStackView+Extensions.swift */ = {isa = PBXFileReference; lastKnownFileType = sourcecode.swift; path = "UIStackView+Extensions.swift"; sourceTree = "<group>"; };
		01CD84282CB55E150007963E /* PrepareForAutoLayout.swift */ = {isa = PBXFileReference; lastKnownFileType = sourcecode.swift; path = PrepareForAutoLayout.swift; sourceTree = "<group>"; };
		01CD842B2CB5792B0007963E /* NetworkService.swift */ = {isa = PBXFileReference; lastKnownFileType = sourcecode.swift; path = NetworkService.swift; sourceTree = "<group>"; };
		01CD842E2CB58BE50007963E /* ProductCollectionViewCell.swift */ = {isa = PBXFileReference; lastKnownFileType = sourcecode.swift; path = ProductCollectionViewCell.swift; sourceTree = "<group>"; };
		01CD84312CB5995F0007963E /* ProductDTO.swift */ = {isa = PBXFileReference; lastKnownFileType = sourcecode.swift; path = ProductDTO.swift; sourceTree = "<group>"; };
		01CD84332CB599960007963E /* FoodNutriantsDTO.swift */ = {isa = PBXFileReference; lastKnownFileType = sourcecode.swift; path = FoodNutriantsDTO.swift; sourceTree = "<group>"; };
		1A4D5ADE2CB546CA001E5C34 /* TestCalories.app */ = {isa = PBXFileReference; explicitFileType = wrapper.application; includeInIndex = 0; path = TestCalories.app; sourceTree = BUILT_PRODUCTS_DIR; };
		1A4D5AE12CB546CA001E5C34 /* AppDelegate.swift */ = {isa = PBXFileReference; lastKnownFileType = sourcecode.swift; path = AppDelegate.swift; sourceTree = "<group>"; };
		1A4D5AE32CB546CA001E5C34 /* SceneDelegate.swift */ = {isa = PBXFileReference; lastKnownFileType = sourcecode.swift; path = SceneDelegate.swift; sourceTree = "<group>"; };
		1A4D5AEA2CB546CB001E5C34 /* Assets.xcassets */ = {isa = PBXFileReference; lastKnownFileType = folder.assetcatalog; path = Assets.xcassets; sourceTree = "<group>"; };
		1A4D5AEF2CB546CB001E5C34 /* Info.plist */ = {isa = PBXFileReference; lastKnownFileType = text.plist.xml; path = Info.plist; sourceTree = "<group>"; };
		1A4D5AF42CB546CB001E5C34 /* TestCaloriesTests.xctest */ = {isa = PBXFileReference; explicitFileType = wrapper.cfbundle; includeInIndex = 0; path = TestCaloriesTests.xctest; sourceTree = BUILT_PRODUCTS_DIR; };
		1A4D5AF82CB546CB001E5C34 /* TestCaloriesTests.swift */ = {isa = PBXFileReference; lastKnownFileType = sourcecode.swift; path = TestCaloriesTests.swift; sourceTree = "<group>"; };
		1A4D5AFE2CB546CB001E5C34 /* TestCaloriesUITests.xctest */ = {isa = PBXFileReference; explicitFileType = wrapper.cfbundle; includeInIndex = 0; path = TestCaloriesUITests.xctest; sourceTree = BUILT_PRODUCTS_DIR; };
		1A4D5B022CB546CB001E5C34 /* TestCaloriesUITests.swift */ = {isa = PBXFileReference; lastKnownFileType = sourcecode.swift; path = TestCaloriesUITests.swift; sourceTree = "<group>"; };
		1A4D5B042CB546CB001E5C34 /* TestCaloriesUITestsLaunchTests.swift */ = {isa = PBXFileReference; lastKnownFileType = sourcecode.swift; path = TestCaloriesUITestsLaunchTests.swift; sourceTree = "<group>"; };
		1A4D5B1E2CB54E99001E5C34 /* ProductService.swift */ = {isa = PBXFileReference; lastKnownFileType = sourcecode.swift; path = ProductService.swift; sourceTree = "<group>"; };
		1A4D5B202CB54EA5001E5C34 /* ProductsViewModel.swift */ = {isa = PBXFileReference; lastKnownFileType = sourcecode.swift; path = ProductsViewModel.swift; sourceTree = "<group>"; };
		1A4D5B222CB54EB8001E5C34 /* ProductsViewController.swift */ = {isa = PBXFileReference; lastKnownFileType = sourcecode.swift; path = ProductsViewController.swift; sourceTree = "<group>"; };
/* End PBXFileReference section */

/* Begin PBXFrameworksBuildPhase section */
		1A4D5ADB2CB546CA001E5C34 /* Frameworks */ = {
			isa = PBXFrameworksBuildPhase;
			buildActionMask = 2147483647;
			files = (
				01CD840C2CB556CC0007963E /* RxCocoa in Frameworks */,
				01CD84132CB557060007963E /* SnapKit in Frameworks */,
				01CD84102CB556CC0007963E /* RxSwift in Frameworks */,
				01CD840E2CB556CC0007963E /* RxRelay in Frameworks */,
			);
			runOnlyForDeploymentPostprocessing = 0;
		};
		1A4D5AF12CB546CB001E5C34 /* Frameworks */ = {
			isa = PBXFrameworksBuildPhase;
			buildActionMask = 2147483647;
			files = (
				01CD840A2CB556CC0007963E /* RxBlocking in Frameworks */,
			);
			runOnlyForDeploymentPostprocessing = 0;
		};
		1A4D5AFB2CB546CB001E5C34 /* Frameworks */ = {
			isa = PBXFrameworksBuildPhase;
			buildActionMask = 2147483647;
			files = (
			);
			runOnlyForDeploymentPostprocessing = 0;
		};
/* End PBXFrameworksBuildPhase section */

/* Begin PBXGroup section */
		01CD84142CB5596D0007963E /* Application */ = {
			isa = PBXGroup;
			children = (
				1A4D5AE12CB546CA001E5C34 /* AppDelegate.swift */,
				1A4D5AE32CB546CA001E5C34 /* SceneDelegate.swift */,
			);
			name = Application;
			sourceTree = "<group>";
		};
		01CD84152CB5598A0007963E /* Modules */ = {
			isa = PBXGroup;
			children = (
				01CD84162CB559910007963E /* ProductsModule */,
			);
			name = Modules;
			sourceTree = "<group>";
		};
		01CD84162CB559910007963E /* ProductsModule */ = {
			isa = PBXGroup;
			children = (
				01CD84192CB55A380007963E /* Model */,
				01CD84182CB55A340007963E /* View */,
				01CD84172CB55A2D0007963E /* ViewModel */,
			);
			name = ProductsModule;
			sourceTree = "<group>";
		};
		01CD84172CB55A2D0007963E /* ViewModel */ = {
			isa = PBXGroup;
			children = (
				1A4D5B202CB54EA5001E5C34 /* ProductsViewModel.swift */,
			);
			name = ViewModel;
			sourceTree = "<group>";
		};
		01CD84182CB55A340007963E /* View */ = {
			isa = PBXGroup;
			children = (
				01CD841F2CB55CA40007963E /* Views */,
				1A4D5B222CB54EB8001E5C34 /* ProductsViewController.swift */,
			);
			name = View;
			sourceTree = "<group>";
		};
		01CD84192CB55A380007963E /* Model */ = {
			isa = PBXGroup;
			children = (
				1A4D5B1E2CB54E99001E5C34 /* ProductService.swift */,
			);
			name = Model;
			sourceTree = "<group>";
		};
		01CD841A2CB55A960007963E /* SupportingFiles */ = {
			isa = PBXGroup;
			children = (
				1A4D5AEA2CB546CB001E5C34 /* Assets.xcassets */,
				01CD841D2CB55AE60007963E /* Colors.xcassets */,
				1A4D5AEF2CB546CB001E5C34 /* Info.plist */,
			);
			name = SupportingFiles;
			sourceTree = "<group>";
		};
		01CD841F2CB55CA40007963E /* Views */ = {
			isa = PBXGroup;
			children = (
				01CD84202CB55CBD0007963E /* ProductsView.swift */,
				01CD842D2CB58BAC0007963E /* CollectopnView */,
			);
			name = Views;
			sourceTree = "<group>";
		};
		01CD84222CB55D350007963E /* Extensions */ = {
			isa = PBXGroup;
			children = (
				01CD84232CB55D4D0007963E /* View+Extensions.swift */,
				01CD84252CB55D870007963E /* UIStackView+Extensions.swift */,
			);
			name = Extensions;
			sourceTree = "<group>";
		};
		01CD84272CB55DFD0007963E /* Helpers */ = {
			isa = PBXGroup;
			children = (
				01CD84282CB55E150007963E /* PrepareForAutoLayout.swift */,
			);
			name = Helpers;
			sourceTree = "<group>";
		};
		01CD842A2CB579180007963E /* Services */ = {
			isa = PBXGroup;
			children = (
				01CD842B2CB5792B0007963E /* NetworkService.swift */,
				01CD84302CB5994E0007963E /* DTO */,
			);
			name = Services;
			sourceTree = "<group>";
		};
		01CD842D2CB58BAC0007963E /* CollectopnView */ = {
			isa = PBXGroup;
			children = (
				01CD842E2CB58BE50007963E /* ProductCollectionViewCell.swift */,
			);
			name = CollectopnView;
			sourceTree = "<group>";
		};
		01CD84302CB5994E0007963E /* DTO */ = {
			isa = PBXGroup;
			children = (
				01CD84312CB5995F0007963E /* ProductDTO.swift */,
				01CD84332CB599960007963E /* FoodNutriantsDTO.swift */,
			);
			name = DTO;
			sourceTree = "<group>";
		};
		1A4D5AD52CB546CA001E5C34 = {
			isa = PBXGroup;
			children = (
				1A4D5AE02CB546CA001E5C34 /* TestCalories */,
				1A4D5AF72CB546CB001E5C34 /* TestCaloriesTests */,
				1A4D5B012CB546CB001E5C34 /* TestCaloriesUITests */,
				1A4D5ADF2CB546CA001E5C34 /* Products */,
			);
			sourceTree = "<group>";
		};
		1A4D5ADF2CB546CA001E5C34 /* Products */ = {
			isa = PBXGroup;
			children = (
				1A4D5ADE2CB546CA001E5C34 /* TestCalories.app */,
				1A4D5AF42CB546CB001E5C34 /* TestCaloriesTests.xctest */,
				1A4D5AFE2CB546CB001E5C34 /* TestCaloriesUITests.xctest */,
			);
			name = Products;
			sourceTree = "<group>";
		};
		1A4D5AE02CB546CA001E5C34 /* TestCalories */ = {
			isa = PBXGroup;
			children = (
				01CD84142CB5596D0007963E /* Application */,
				01CD842A2CB579180007963E /* Services */,
				01CD84152CB5598A0007963E /* Modules */,
				01CD84222CB55D350007963E /* Extensions */,
				01CD84272CB55DFD0007963E /* Helpers */,
				01CD841A2CB55A960007963E /* SupportingFiles */,
			);
			path = TestCalories;
			sourceTree = "<group>";
		};
		1A4D5AF72CB546CB001E5C34 /* TestCaloriesTests */ = {
			isa = PBXGroup;
			children = (
				1A4D5AF82CB546CB001E5C34 /* TestCaloriesTests.swift */,
			);
			path = TestCaloriesTests;
			sourceTree = "<group>";
		};
		1A4D5B012CB546CB001E5C34 /* TestCaloriesUITests */ = {
			isa = PBXGroup;
			children = (
				1A4D5B022CB546CB001E5C34 /* TestCaloriesUITests.swift */,
				1A4D5B042CB546CB001E5C34 /* TestCaloriesUITestsLaunchTests.swift */,
			);
			path = TestCaloriesUITests;
			sourceTree = "<group>";
		};
/* End PBXGroup section */

/* Begin PBXNativeTarget section */
		1A4D5ADD2CB546CA001E5C34 /* TestCalories */ = {
			isa = PBXNativeTarget;
			buildConfigurationList = 1A4D5B082CB546CB001E5C34 /* Build configuration list for PBXNativeTarget "TestCalories" */;
			buildPhases = (
				1A4D5ADA2CB546CA001E5C34 /* Sources */,
				1A4D5ADB2CB546CA001E5C34 /* Frameworks */,
				1A4D5ADC2CB546CA001E5C34 /* Resources */,
			);
			buildRules = (
			);
			dependencies = (
			);
			name = TestCalories;
			packageProductDependencies = (
				01CD840B2CB556CC0007963E /* RxCocoa */,
				01CD840D2CB556CC0007963E /* RxRelay */,
				01CD840F2CB556CC0007963E /* RxSwift */,
				01CD84122CB557060007963E /* SnapKit */,
			);
			productName = TestCalories;
			productReference = 1A4D5ADE2CB546CA001E5C34 /* TestCalories.app */;
			productType = "com.apple.product-type.application";
		};
		1A4D5AF32CB546CB001E5C34 /* TestCaloriesTests */ = {
			isa = PBXNativeTarget;
			buildConfigurationList = 1A4D5B0B2CB546CB001E5C34 /* Build configuration list for PBXNativeTarget "TestCaloriesTests" */;
			buildPhases = (
				1A4D5AF02CB546CB001E5C34 /* Sources */,
				1A4D5AF12CB546CB001E5C34 /* Frameworks */,
				1A4D5AF22CB546CB001E5C34 /* Resources */,
			);
			buildRules = (
			);
			dependencies = (
				1A4D5AF62CB546CB001E5C34 /* PBXTargetDependency */,
			);
			name = TestCaloriesTests;
			packageProductDependencies = (
				01CD84092CB556CC0007963E /* RxBlocking */,
			);
			productName = TestCaloriesTests;
			productReference = 1A4D5AF42CB546CB001E5C34 /* TestCaloriesTests.xctest */;
			productType = "com.apple.product-type.bundle.unit-test";
		};
		1A4D5AFD2CB546CB001E5C34 /* TestCaloriesUITests */ = {
			isa = PBXNativeTarget;
			buildConfigurationList = 1A4D5B0E2CB546CB001E5C34 /* Build configuration list for PBXNativeTarget "TestCaloriesUITests" */;
			buildPhases = (
				1A4D5AFA2CB546CB001E5C34 /* Sources */,
				1A4D5AFB2CB546CB001E5C34 /* Frameworks */,
				1A4D5AFC2CB546CB001E5C34 /* Resources */,
			);
			buildRules = (
			);
			dependencies = (
				1A4D5B002CB546CB001E5C34 /* PBXTargetDependency */,
			);
			name = TestCaloriesUITests;
			productName = TestCaloriesUITests;
			productReference = 1A4D5AFE2CB546CB001E5C34 /* TestCaloriesUITests.xctest */;
			productType = "com.apple.product-type.bundle.ui-testing";
		};
/* End PBXNativeTarget section */

/* Begin PBXProject section */
		1A4D5AD62CB546CA001E5C34 /* Project object */ = {
			isa = PBXProject;
			attributes = {
				BuildIndependentTargetsInParallel = 1;
				LastSwiftUpdateCheck = 1530;
				LastUpgradeCheck = 1530;
				TargetAttributes = {
					1A4D5ADD2CB546CA001E5C34 = {
						CreatedOnToolsVersion = 15.3;
					};
					1A4D5AF32CB546CB001E5C34 = {
						CreatedOnToolsVersion = 15.3;
						TestTargetID = 1A4D5ADD2CB546CA001E5C34;
					};
					1A4D5AFD2CB546CB001E5C34 = {
						CreatedOnToolsVersion = 15.3;
						TestTargetID = 1A4D5ADD2CB546CA001E5C34;
					};
				};
			};
			buildConfigurationList = 1A4D5AD92CB546CA001E5C34 /* Build configuration list for PBXProject "TestCalories" */;
			compatibilityVersion = "Xcode 14.0";
			developmentRegion = en;
			hasScannedForEncodings = 0;
			knownRegions = (
				en,
				Base,
			);
			mainGroup = 1A4D5AD52CB546CA001E5C34;
			packageReferences = (
				01CD84082CB556CC0007963E /* XCRemoteSwiftPackageReference "RxSwift" */,
				01CD84112CB557060007963E /* XCRemoteSwiftPackageReference "SnapKit" */,
			);
			productRefGroup = 1A4D5ADF2CB546CA001E5C34 /* Products */;
			projectDirPath = "";
			projectRoot = "";
			targets = (
				1A4D5ADD2CB546CA001E5C34 /* TestCalories */,
				1A4D5AF32CB546CB001E5C34 /* TestCaloriesTests */,
				1A4D5AFD2CB546CB001E5C34 /* TestCaloriesUITests */,
			);
		};
/* End PBXProject section */

/* Begin PBXResourcesBuildPhase section */
		1A4D5ADC2CB546CA001E5C34 /* Resources */ = {
			isa = PBXResourcesBuildPhase;
			buildActionMask = 2147483647;
			files = (
				1A4D5AEB2CB546CB001E5C34 /* Assets.xcassets in Resources */,
				01CD841E2CB55AE60007963E /* Colors.xcassets in Resources */,
			);
			runOnlyForDeploymentPostprocessing = 0;
		};
		1A4D5AF22CB546CB001E5C34 /* Resources */ = {
			isa = PBXResourcesBuildPhase;
			buildActionMask = 2147483647;
			files = (
			);
			runOnlyForDeploymentPostprocessing = 0;
		};
		1A4D5AFC2CB546CB001E5C34 /* Resources */ = {
			isa = PBXResourcesBuildPhase;
			buildActionMask = 2147483647;
			files = (
			);
			runOnlyForDeploymentPostprocessing = 0;
		};
/* End PBXResourcesBuildPhase section */

/* Begin PBXSourcesBuildPhase section */
		1A4D5ADA2CB546CA001E5C34 /* Sources */ = {
			isa = PBXSourcesBuildPhase;
			buildActionMask = 2147483647;
			files = (
				01CD842C2CB5792B0007963E /* NetworkService.swift in Sources */,
				1A4D5B212CB54EA5001E5C34 /* ProductsViewModel.swift in Sources */,
				01CD842F2CB58BE50007963E /* ProductCollectionViewCell.swift in Sources */,
				01CD84322CB5995F0007963E /* ProductDTO.swift in Sources */,
				01CD84262CB55D870007963E /* UIStackView+Extensions.swift in Sources */,
				1A4D5B232CB54EB8001E5C34 /* ProductsViewController.swift in Sources */,
				01CD84292CB55E150007963E /* PrepareForAutoLayout.swift in Sources */,
				01CD84212CB55CBD0007963E /* ProductsView.swift in Sources */,
				01CD84242CB55D4D0007963E /* View+Extensions.swift in Sources */,
				1A4D5B1F2CB54E99001E5C34 /* ProductService.swift in Sources */,
				1A4D5AE22CB546CA001E5C34 /* AppDelegate.swift in Sources */,
				01CD84342CB599960007963E /* FoodNutriantsDTO.swift in Sources */,
				1A4D5AE42CB546CA001E5C34 /* SceneDelegate.swift in Sources */,
			);
			runOnlyForDeploymentPostprocessing = 0;
		};
		1A4D5AF02CB546CB001E5C34 /* Sources */ = {
			isa = PBXSourcesBuildPhase;
			buildActionMask = 2147483647;
			files = (
				1A4D5AF92CB546CB001E5C34 /* TestCaloriesTests.swift in Sources */,
			);
			runOnlyForDeploymentPostprocessing = 0;
		};
		1A4D5AFA2CB546CB001E5C34 /* Sources */ = {
			isa = PBXSourcesBuildPhase;
			buildActionMask = 2147483647;
			files = (
				1A4D5B052CB546CB001E5C34 /* TestCaloriesUITestsLaunchTests.swift in Sources */,
				1A4D5B032CB546CB001E5C34 /* TestCaloriesUITests.swift in Sources */,
			);
			runOnlyForDeploymentPostprocessing = 0;
		};
/* End PBXSourcesBuildPhase section */

/* Begin PBXTargetDependency section */
		1A4D5AF62CB546CB001E5C34 /* PBXTargetDependency */ = {
			isa = PBXTargetDependency;
			target = 1A4D5ADD2CB546CA001E5C34 /* TestCalories */;
			targetProxy = 1A4D5AF52CB546CB001E5C34 /* PBXContainerItemProxy */;
		};
		1A4D5B002CB546CB001E5C34 /* PBXTargetDependency */ = {
			isa = PBXTargetDependency;
			target = 1A4D5ADD2CB546CA001E5C34 /* TestCalories */;
			targetProxy = 1A4D5AFF2CB546CB001E5C34 /* PBXContainerItemProxy */;
		};
/* End PBXTargetDependency section */

/* Begin XCBuildConfiguration section */
		1A4D5B062CB546CB001E5C34 /* Debug */ = {
			isa = XCBuildConfiguration;
			buildSettings = {
				ALWAYS_SEARCH_USER_PATHS = NO;
				ASSETCATALOG_COMPILER_GENERATE_SWIFT_ASSET_SYMBOL_EXTENSIONS = YES;
				CLANG_ANALYZER_NONNULL = YES;
				CLANG_ANALYZER_NUMBER_OBJECT_CONVERSION = YES_AGGRESSIVE;
				CLANG_CXX_LANGUAGE_STANDARD = "gnu++20";
				CLANG_ENABLE_MODULES = YES;
				CLANG_ENABLE_OBJC_ARC = YES;
				CLANG_ENABLE_OBJC_WEAK = YES;
				CLANG_WARN_BLOCK_CAPTURE_AUTORELEASING = YES;
				CLANG_WARN_BOOL_CONVERSION = YES;
				CLANG_WARN_COMMA = YES;
				CLANG_WARN_CONSTANT_CONVERSION = YES;
				CLANG_WARN_DEPRECATED_OBJC_IMPLEMENTATIONS = YES;
				CLANG_WARN_DIRECT_OBJC_ISA_USAGE = YES_ERROR;
				CLANG_WARN_DOCUMENTATION_COMMENTS = YES;
				CLANG_WARN_EMPTY_BODY = YES;
				CLANG_WARN_ENUM_CONVERSION = YES;
				CLANG_WARN_INFINITE_RECURSION = YES;
				CLANG_WARN_INT_CONVERSION = YES;
				CLANG_WARN_NON_LITERAL_NULL_CONVERSION = YES;
				CLANG_WARN_OBJC_IMPLICIT_RETAIN_SELF = YES;
				CLANG_WARN_OBJC_LITERAL_CONVERSION = YES;
				CLANG_WARN_OBJC_ROOT_CLASS = YES_ERROR;
				CLANG_WARN_QUOTED_INCLUDE_IN_FRAMEWORK_HEADER = YES;
				CLANG_WARN_RANGE_LOOP_ANALYSIS = YES;
				CLANG_WARN_STRICT_PROTOTYPES = YES;
				CLANG_WARN_SUSPICIOUS_MOVE = YES;
				CLANG_WARN_UNGUARDED_AVAILABILITY = YES_AGGRESSIVE;
				CLANG_WARN_UNREACHABLE_CODE = YES;
				CLANG_WARN__DUPLICATE_METHOD_MATCH = YES;
				COPY_PHASE_STRIP = NO;
				DEBUG_INFORMATION_FORMAT = dwarf;
				ENABLE_STRICT_OBJC_MSGSEND = YES;
				ENABLE_TESTABILITY = YES;
				ENABLE_USER_SCRIPT_SANDBOXING = YES;
				GCC_C_LANGUAGE_STANDARD = gnu17;
				GCC_DYNAMIC_NO_PIC = NO;
				GCC_NO_COMMON_BLOCKS = YES;
				GCC_OPTIMIZATION_LEVEL = 0;
				GCC_PREPROCESSOR_DEFINITIONS = (
					"DEBUG=1",
					"$(inherited)",
				);
				GCC_WARN_64_TO_32_BIT_CONVERSION = YES;
				GCC_WARN_ABOUT_RETURN_TYPE = YES_ERROR;
				GCC_WARN_UNDECLARED_SELECTOR = YES;
				GCC_WARN_UNINITIALIZED_AUTOS = YES_AGGRESSIVE;
				GCC_WARN_UNUSED_FUNCTION = YES;
				GCC_WARN_UNUSED_VARIABLE = YES;
				IPHONEOS_DEPLOYMENT_TARGET = 17.4;
				LOCALIZATION_PREFERS_STRING_CATALOGS = YES;
				MTL_ENABLE_DEBUG_INFO = INCLUDE_SOURCE;
				MTL_FAST_MATH = YES;
				ONLY_ACTIVE_ARCH = YES;
				SDKROOT = iphoneos;
				SWIFT_ACTIVE_COMPILATION_CONDITIONS = "DEBUG $(inherited)";
				SWIFT_OPTIMIZATION_LEVEL = "-Onone";
			};
			name = Debug;
		};
		1A4D5B072CB546CB001E5C34 /* Release */ = {
			isa = XCBuildConfiguration;
			buildSettings = {
				ALWAYS_SEARCH_USER_PATHS = NO;
				ASSETCATALOG_COMPILER_GENERATE_SWIFT_ASSET_SYMBOL_EXTENSIONS = YES;
				CLANG_ANALYZER_NONNULL = YES;
				CLANG_ANALYZER_NUMBER_OBJECT_CONVERSION = YES_AGGRESSIVE;
				CLANG_CXX_LANGUAGE_STANDARD = "gnu++20";
				CLANG_ENABLE_MODULES = YES;
				CLANG_ENABLE_OBJC_ARC = YES;
				CLANG_ENABLE_OBJC_WEAK = YES;
				CLANG_WARN_BLOCK_CAPTURE_AUTORELEASING = YES;
				CLANG_WARN_BOOL_CONVERSION = YES;
				CLANG_WARN_COMMA = YES;
				CLANG_WARN_CONSTANT_CONVERSION = YES;
				CLANG_WARN_DEPRECATED_OBJC_IMPLEMENTATIONS = YES;
				CLANG_WARN_DIRECT_OBJC_ISA_USAGE = YES_ERROR;
				CLANG_WARN_DOCUMENTATION_COMMENTS = YES;
				CLANG_WARN_EMPTY_BODY = YES;
				CLANG_WARN_ENUM_CONVERSION = YES;
				CLANG_WARN_INFINITE_RECURSION = YES;
				CLANG_WARN_INT_CONVERSION = YES;
				CLANG_WARN_NON_LITERAL_NULL_CONVERSION = YES;
				CLANG_WARN_OBJC_IMPLICIT_RETAIN_SELF = YES;
				CLANG_WARN_OBJC_LITERAL_CONVERSION = YES;
				CLANG_WARN_OBJC_ROOT_CLASS = YES_ERROR;
				CLANG_WARN_QUOTED_INCLUDE_IN_FRAMEWORK_HEADER = YES;
				CLANG_WARN_RANGE_LOOP_ANALYSIS = YES;
				CLANG_WARN_STRICT_PROTOTYPES = YES;
				CLANG_WARN_SUSPICIOUS_MOVE = YES;
				CLANG_WARN_UNGUARDED_AVAILABILITY = YES_AGGRESSIVE;
				CLANG_WARN_UNREACHABLE_CODE = YES;
				CLANG_WARN__DUPLICATE_METHOD_MATCH = YES;
				COPY_PHASE_STRIP = NO;
				DEBUG_INFORMATION_FORMAT = "dwarf-with-dsym";
				ENABLE_NS_ASSERTIONS = NO;
				ENABLE_STRICT_OBJC_MSGSEND = YES;
				ENABLE_USER_SCRIPT_SANDBOXING = YES;
				GCC_C_LANGUAGE_STANDARD = gnu17;
				GCC_NO_COMMON_BLOCKS = YES;
				GCC_WARN_64_TO_32_BIT_CONVERSION = YES;
				GCC_WARN_ABOUT_RETURN_TYPE = YES_ERROR;
				GCC_WARN_UNDECLARED_SELECTOR = YES;
				GCC_WARN_UNINITIALIZED_AUTOS = YES_AGGRESSIVE;
				GCC_WARN_UNUSED_FUNCTION = YES;
				GCC_WARN_UNUSED_VARIABLE = YES;
				IPHONEOS_DEPLOYMENT_TARGET = 17.4;
				LOCALIZATION_PREFERS_STRING_CATALOGS = YES;
				MTL_ENABLE_DEBUG_INFO = NO;
				MTL_FAST_MATH = YES;
				SDKROOT = iphoneos;
				SWIFT_COMPILATION_MODE = wholemodule;
				VALIDATE_PRODUCT = YES;
			};
			name = Release;
		};
		1A4D5B092CB546CB001E5C34 /* Debug */ = {
			isa = XCBuildConfiguration;
			buildSettings = {
				ASSETCATALOG_COMPILER_APPICON_NAME = AppIcon;
				ASSETCATALOG_COMPILER_GLOBAL_ACCENT_COLOR_NAME = AccentColor;
				CODE_SIGN_STYLE = Automatic;
				CURRENT_PROJECT_VERSION = 1;
				GENERATE_INFOPLIST_FILE = YES;
				INFOPLIST_FILE = TestCalories/Info.plist;
				INFOPLIST_KEY_UIApplicationSupportsIndirectInputEvents = YES;
				INFOPLIST_KEY_UILaunchStoryboardName = LaunchScreen;
				INFOPLIST_KEY_UISupportedInterfaceOrientations_iPad = "UIInterfaceOrientationPortrait UIInterfaceOrientationPortraitUpsideDown UIInterfaceOrientationLandscapeLeft UIInterfaceOrientationLandscapeRight";
				INFOPLIST_KEY_UISupportedInterfaceOrientations_iPhone = "UIInterfaceOrientationPortrait UIInterfaceOrientationLandscapeLeft UIInterfaceOrientationLandscapeRight";
				LD_RUNPATH_SEARCH_PATHS = (
					"$(inherited)",
					"@executable_path/Frameworks",
				);
				MARKETING_VERSION = 1.0;
				PRODUCT_BUNDLE_IDENTIFIER = com.do.com.TestCalories;
				PRODUCT_NAME = "$(TARGET_NAME)";
				SWIFT_EMIT_LOC_STRINGS = YES;
				SWIFT_VERSION = 5.0;
				TARGETED_DEVICE_FAMILY = "1,2";
			};
			name = Debug;
		};
		1A4D5B0A2CB546CB001E5C34 /* Release */ = {
			isa = XCBuildConfiguration;
			buildSettings = {
				ASSETCATALOG_COMPILER_APPICON_NAME = AppIcon;
				ASSETCATALOG_COMPILER_GLOBAL_ACCENT_COLOR_NAME = AccentColor;
				CODE_SIGN_STYLE = Automatic;
				CURRENT_PROJECT_VERSION = 1;
				GENERATE_INFOPLIST_FILE = YES;
				INFOPLIST_FILE = TestCalories/Info.plist;
				INFOPLIST_KEY_UIApplicationSupportsIndirectInputEvents = YES;
				INFOPLIST_KEY_UILaunchStoryboardName = LaunchScreen;
				INFOPLIST_KEY_UISupportedInterfaceOrientations_iPad = "UIInterfaceOrientationPortrait UIInterfaceOrientationPortraitUpsideDown UIInterfaceOrientationLandscapeLeft UIInterfaceOrientationLandscapeRight";
				INFOPLIST_KEY_UISupportedInterfaceOrientations_iPhone = "UIInterfaceOrientationPortrait UIInterfaceOrientationLandscapeLeft UIInterfaceOrientationLandscapeRight";
				LD_RUNPATH_SEARCH_PATHS = (
					"$(inherited)",
					"@executable_path/Frameworks",
				);
				MARKETING_VERSION = 1.0;
				PRODUCT_BUNDLE_IDENTIFIER = com.do.com.TestCalories;
				PRODUCT_NAME = "$(TARGET_NAME)";
				SWIFT_EMIT_LOC_STRINGS = YES;
				SWIFT_VERSION = 5.0;
				TARGETED_DEVICE_FAMILY = "1,2";
			};
			name = Release;
		};
		1A4D5B0C2CB546CB001E5C34 /* Debug */ = {
			isa = XCBuildConfiguration;
			buildSettings = {
				ALWAYS_EMBED_SWIFT_STANDARD_LIBRARIES = YES;
				BUNDLE_LOADER = "$(TEST_HOST)";
				CODE_SIGN_STYLE = Automatic;
				CURRENT_PROJECT_VERSION = 1;
				GENERATE_INFOPLIST_FILE = YES;
				IPHONEOS_DEPLOYMENT_TARGET = 17.4;
				MARKETING_VERSION = 1.0;
				PRODUCT_BUNDLE_IDENTIFIER = com.do.com.TestCaloriesTests;
				PRODUCT_NAME = "$(TARGET_NAME)";
				SWIFT_EMIT_LOC_STRINGS = NO;
				SWIFT_VERSION = 5.0;
				TARGETED_DEVICE_FAMILY = "1,2";
				TEST_HOST = "$(BUILT_PRODUCTS_DIR)/TestCalories.app/$(BUNDLE_EXECUTABLE_FOLDER_PATH)/TestCalories";
			};
			name = Debug;
		};
		1A4D5B0D2CB546CB001E5C34 /* Release */ = {
			isa = XCBuildConfiguration;
			buildSettings = {
				ALWAYS_EMBED_SWIFT_STANDARD_LIBRARIES = YES;
				BUNDLE_LOADER = "$(TEST_HOST)";
				CODE_SIGN_STYLE = Automatic;
				CURRENT_PROJECT_VERSION = 1;
				GENERATE_INFOPLIST_FILE = YES;
				IPHONEOS_DEPLOYMENT_TARGET = 17.4;
				MARKETING_VERSION = 1.0;
				PRODUCT_BUNDLE_IDENTIFIER = com.do.com.TestCaloriesTests;
				PRODUCT_NAME = "$(TARGET_NAME)";
				SWIFT_EMIT_LOC_STRINGS = NO;
				SWIFT_VERSION = 5.0;
				TARGETED_DEVICE_FAMILY = "1,2";
				TEST_HOST = "$(BUILT_PRODUCTS_DIR)/TestCalories.app/$(BUNDLE_EXECUTABLE_FOLDER_PATH)/TestCalories";
			};
			name = Release;
		};
		1A4D5B0F2CB546CB001E5C34 /* Debug */ = {
			isa = XCBuildConfiguration;
			buildSettings = {
				ALWAYS_EMBED_SWIFT_STANDARD_LIBRARIES = YES;
				CODE_SIGN_STYLE = Automatic;
				CURRENT_PROJECT_VERSION = 1;
				GENERATE_INFOPLIST_FILE = YES;
				MARKETING_VERSION = 1.0;
				PRODUCT_BUNDLE_IDENTIFIER = com.do.com.TestCaloriesUITests;
				PRODUCT_NAME = "$(TARGET_NAME)";
				SWIFT_EMIT_LOC_STRINGS = NO;
				SWIFT_VERSION = 5.0;
				TARGETED_DEVICE_FAMILY = "1,2";
				TEST_TARGET_NAME = TestCalories;
			};
			name = Debug;
		};
		1A4D5B102CB546CB001E5C34 /* Release */ = {
			isa = XCBuildConfiguration;
			buildSettings = {
				ALWAYS_EMBED_SWIFT_STANDARD_LIBRARIES = YES;
				CODE_SIGN_STYLE = Automatic;
				CURRENT_PROJECT_VERSION = 1;
				GENERATE_INFOPLIST_FILE = YES;
				MARKETING_VERSION = 1.0;
				PRODUCT_BUNDLE_IDENTIFIER = com.do.com.TestCaloriesUITests;
				PRODUCT_NAME = "$(TARGET_NAME)";
				SWIFT_EMIT_LOC_STRINGS = NO;
				SWIFT_VERSION = 5.0;
				TARGETED_DEVICE_FAMILY = "1,2";
				TEST_TARGET_NAME = TestCalories;
			};
			name = Release;
		};
/* End XCBuildConfiguration section */

/* Begin XCConfigurationList section */
		1A4D5AD92CB546CA001E5C34 /* Build configuration list for PBXProject "TestCalories" */ = {
			isa = XCConfigurationList;
			buildConfigurations = (
				1A4D5B062CB546CB001E5C34 /* Debug */,
				1A4D5B072CB546CB001E5C34 /* Release */,
			);
			defaultConfigurationIsVisible = 0;
			defaultConfigurationName = Release;
		};
		1A4D5B082CB546CB001E5C34 /* Build configuration list for PBXNativeTarget "TestCalories" */ = {
			isa = XCConfigurationList;
			buildConfigurations = (
				1A4D5B092CB546CB001E5C34 /* Debug */,
				1A4D5B0A2CB546CB001E5C34 /* Release */,
			);
			defaultConfigurationIsVisible = 0;
			defaultConfigurationName = Release;
		};
		1A4D5B0B2CB546CB001E5C34 /* Build configuration list for PBXNativeTarget "TestCaloriesTests" */ = {
			isa = XCConfigurationList;
			buildConfigurations = (
				1A4D5B0C2CB546CB001E5C34 /* Debug */,
				1A4D5B0D2CB546CB001E5C34 /* Release */,
			);
			defaultConfigurationIsVisible = 0;
			defaultConfigurationName = Release;
		};
		1A4D5B0E2CB546CB001E5C34 /* Build configuration list for PBXNativeTarget "TestCaloriesUITests" */ = {
			isa = XCConfigurationList;
			buildConfigurations = (
				1A4D5B0F2CB546CB001E5C34 /* Debug */,
				1A4D5B102CB546CB001E5C34 /* Release */,
			);
			defaultConfigurationIsVisible = 0;
			defaultConfigurationName = Release;
		};
/* End XCConfigurationList section */

/* Begin XCRemoteSwiftPackageReference section */
		01CD84082CB556CC0007963E /* XCRemoteSwiftPackageReference "RxSwift" */ = {
			isa = XCRemoteSwiftPackageReference;
			repositoryURL = "https://github.com/ReactiveX/RxSwift";
			requirement = {
				kind = upToNextMajorVersion;
				minimumVersion = 6.8.0;
			};
		};
		01CD84112CB557060007963E /* XCRemoteSwiftPackageReference "SnapKit" */ = {
			isa = XCRemoteSwiftPackageReference;
			repositoryURL = "https://github.com/SnapKit/SnapKit";
			requirement = {
				kind = upToNextMajorVersion;
				minimumVersion = 5.7.1;
			};
		};
/* End XCRemoteSwiftPackageReference section */

/* Begin XCSwiftPackageProductDependency section */
		01CD84092CB556CC0007963E /* RxBlocking */ = {
			isa = XCSwiftPackageProductDependency;
			package = 01CD84082CB556CC0007963E /* XCRemoteSwiftPackageReference "RxSwift" */;
			productName = RxBlocking;
		};
		01CD840B2CB556CC0007963E /* RxCocoa */ = {
			isa = XCSwiftPackageProductDependency;
			package = 01CD84082CB556CC0007963E /* XCRemoteSwiftPackageReference "RxSwift" */;
			productName = RxCocoa;
		};
		01CD840D2CB556CC0007963E /* RxRelay */ = {
			isa = XCSwiftPackageProductDependency;
			package = 01CD84082CB556CC0007963E /* XCRemoteSwiftPackageReference "RxSwift" */;
			productName = RxRelay;
		};
		01CD840F2CB556CC0007963E /* RxSwift */ = {
			isa = XCSwiftPackageProductDependency;
			package = 01CD84082CB556CC0007963E /* XCRemoteSwiftPackageReference "RxSwift" */;
			productName = RxSwift;
		};
		01CD84122CB557060007963E /* SnapKit */ = {
			isa = XCSwiftPackageProductDependency;
			package = 01CD84112CB557060007963E /* XCRemoteSwiftPackageReference "SnapKit" */;
			productName = SnapKit;
		};
/* End XCSwiftPackageProductDependency section */
	};
	rootObject = 1A4D5AD62CB546CA001E5C34 /* Project object */;
}
